// !$*UTF8*$!
{
	archiveVersion = 1;
	classes = {
	};
	objectVersion = 50;
	objects = {

/* Begin PBXBuildFile section */
		4B7842FC26BF7A1E00CDB7A4 /* AppDelegate.swift in Sources */ = {isa = PBXBuildFile; fileRef = 4B7842FB26BF7A1E00CDB7A4 /* AppDelegate.swift */; };
		4B7842FE26BF7A1E00CDB7A4 /* SceneDelegate.swift in Sources */ = {isa = PBXBuildFile; fileRef = 4B7842FD26BF7A1E00CDB7A4 /* SceneDelegate.swift */; };
		4B78430026BF7A1E00CDB7A4 /* ViewController.swift in Sources */ = {isa = PBXBuildFile; fileRef = 4B7842FF26BF7A1E00CDB7A4 /* ViewController.swift */; };
		4B78430326BF7A1E00CDB7A4 /* Main.storyboard in Resources */ = {isa = PBXBuildFile; fileRef = 4B78430126BF7A1E00CDB7A4 /* Main.storyboard */; };
		4B78430526BF7A2600CDB7A4 /* Assets.xcassets in Resources */ = {isa = PBXBuildFile; fileRef = 4B78430426BF7A2600CDB7A4 /* Assets.xcassets */; };
		4B78430826BF7A2600CDB7A4 /* LaunchScreen.storyboard in Resources */ = {isa = PBXBuildFile; fileRef = 4B78430626BF7A2600CDB7A4 /* LaunchScreen.storyboard */; };
		4B78431326BF7A2600CDB7A4 /* testing_for_git_hub_pushingTests.swift in Sources */ = {isa = PBXBuildFile; fileRef = 4B78431226BF7A2600CDB7A4 /* testing_for_git_hub_pushingTests.swift */; };
		4B78431E26BF7A2600CDB7A4 /* testing_for_git_hub_pushingUITests.swift in Sources */ = {isa = PBXBuildFile; fileRef = 4B78431D26BF7A2600CDB7A4 /* testing_for_git_hub_pushingUITests.swift */; };
		4B78432F26BF7D9E00CDB7A4 /* testing_for_updating.swift in Sources */ = {isa = PBXBuildFile; fileRef = 4B78432E26BF7D9E00CDB7A4 /* testing_for_updating.swift */; };
/* End PBXBuildFile section */

/* Begin PBXContainerItemProxy section */
		4B78430F26BF7A2600CDB7A4 /* PBXContainerItemProxy */ = {
			isa = PBXContainerItemProxy;
			containerPortal = 4B7842F026BF7A1D00CDB7A4 /* Project object */;
			proxyType = 1;
			remoteGlobalIDString = 4B7842F726BF7A1D00CDB7A4;
			remoteInfo = testing_for_git_hub_pushing;
		};
		4B78431A26BF7A2600CDB7A4 /* PBXContainerItemProxy */ = {
			isa = PBXContainerItemProxy;
			containerPortal = 4B7842F026BF7A1D00CDB7A4 /* Project object */;
			proxyType = 1;
			remoteGlobalIDString = 4B7842F726BF7A1D00CDB7A4;
			remoteInfo = testing_for_git_hub_pushing;
		};
/* End PBXContainerItemProxy section */

/* Begin PBXFileReference section */
		4B7842F826BF7A1E00CDB7A4 /* testing_for_git_hub_pushing.app */ = {isa = PBXFileReference; explicitFileType = wrapper.application; includeInIndex = 0; path = testing_for_git_hub_pushing.app; sourceTree = BUILT_PRODUCTS_DIR; };
		4B7842FB26BF7A1E00CDB7A4 /* AppDelegate.swift */ = {isa = PBXFileReference; lastKnownFileType = sourcecode.swift; path = AppDelegate.swift; sourceTree = "<group>"; };
		4B7842FD26BF7A1E00CDB7A4 /* SceneDelegate.swift */ = {isa = PBXFileReference; lastKnownFileType = sourcecode.swift; path = SceneDelegate.swift; sourceTree = "<group>"; };
		4B7842FF26BF7A1E00CDB7A4 /* ViewController.swift */ = {isa = PBXFileReference; lastKnownFileType = sourcecode.swift; path = ViewController.swift; sourceTree = "<group>"; };
		4B78430226BF7A1E00CDB7A4 /* Base */ = {isa = PBXFileReference; lastKnownFileType = file.storyboard; name = Base; path = Base.lproj/Main.storyboard; sourceTree = "<group>"; };
		4B78430426BF7A2600CDB7A4 /* Assets.xcassets */ = {isa = PBXFileReference; lastKnownFileType = folder.assetcatalog; path = Assets.xcassets; sourceTree = "<group>"; };
		4B78430726BF7A2600CDB7A4 /* Base */ = {isa = PBXFileReference; lastKnownFileType = file.storyboard; name = Base; path = Base.lproj/LaunchScreen.storyboard; sourceTree = "<group>"; };
		4B78430926BF7A2600CDB7A4 /* Info.plist */ = {isa = PBXFileReference; lastKnownFileType = text.plist.xml; path = Info.plist; sourceTree = "<group>"; };
		4B78430E26BF7A2600CDB7A4 /* testing_for_git_hub_pushingTests.xctest */ = {isa = PBXFileReference; explicitFileType = wrapper.cfbundle; includeInIndex = 0; path = testing_for_git_hub_pushingTests.xctest; sourceTree = BUILT_PRODUCTS_DIR; };
		4B78431226BF7A2600CDB7A4 /* testing_for_git_hub_pushingTests.swift */ = {isa = PBXFileReference; lastKnownFileType = sourcecode.swift; path = testing_for_git_hub_pushingTests.swift; sourceTree = "<group>"; };
		4B78431426BF7A2600CDB7A4 /* Info.plist */ = {isa = PBXFileReference; lastKnownFileType = text.plist.xml; path = Info.plist; sourceTree = "<group>"; };
		4B78431926BF7A2600CDB7A4 /* testing_for_git_hub_pushingUITests.xctest */ = {isa = PBXFileReference; explicitFileType = wrapper.cfbundle; includeInIndex = 0; path = testing_for_git_hub_pushingUITests.xctest; sourceTree = BUILT_PRODUCTS_DIR; };
		4B78431D26BF7A2600CDB7A4 /* testing_for_git_hub_pushingUITests.swift */ = {isa = PBXFileReference; lastKnownFileType = sourcecode.swift; path = testing_for_git_hub_pushingUITests.swift; sourceTree = "<group>"; };
		4B78431F26BF7A2600CDB7A4 /* Info.plist */ = {isa = PBXFileReference; lastKnownFileType = text.plist.xml; path = Info.plist; sourceTree = "<group>"; };
		4B78432E26BF7D9E00CDB7A4 /* testing_for_updating.swift */ = {isa = PBXFileReference; lastKnownFileType = sourcecode.swift; path = testing_for_updating.swift; sourceTree = "<group>"; };
/* End PBXFileReference section */

/* Begin PBXFrameworksBuildPhase section */
		4B7842F526BF7A1D00CDB7A4 /* Frameworks */ = {
			isa = PBXFrameworksBuildPhase;
			buildActionMask = 2147483647;
			files = (
			);
			runOnlyForDeploymentPostprocessing = 0;
		};
		4B78430B26BF7A2600CDB7A4 /* Frameworks */ = {
			isa = PBXFrameworksBuildPhase;
			buildActionMask = 2147483647;
			files = (
			);
			runOnlyForDeploymentPostprocessing = 0;
		};
		4B78431626BF7A2600CDB7A4 /* Frameworks */ = {
			isa = PBXFrameworksBuildPhase;
			buildActionMask = 2147483647;
			files = (
			);
			runOnlyForDeploymentPostprocessing = 0;
		};
/* End PBXFrameworksBuildPhase section */

/* Begin PBXGroup section */
		4B7842EF26BF7A1D00CDB7A4 = {
			isa = PBXGroup;
			children = (
				4B7842FA26BF7A1E00CDB7A4 /* testing_for_git_hub_pushing */,
				4B78431126BF7A2600CDB7A4 /* testing_for_git_hub_pushingTests */,
				4B78431C26BF7A2600CDB7A4 /* testing_for_git_hub_pushingUITests */,
				4B7842F926BF7A1E00CDB7A4 /* Products */,
			);
			sourceTree = "<group>";
		};
		4B7842F926BF7A1E00CDB7A4 /* Products */ = {
			isa = PBXGroup;
			children = (
				4B7842F826BF7A1E00CDB7A4 /* testing_for_git_hub_pushing.app */,
				4B78430E26BF7A2600CDB7A4 /* testing_for_git_hub_pushingTests.xctest */,
				4B78431926BF7A2600CDB7A4 /* testing_for_git_hub_pushingUITests.xctest */,
			);
			name = Products;
			sourceTree = "<group>";
		};
		4B7842FA26BF7A1E00CDB7A4 /* testing_for_git_hub_pushing */ = {
			isa = PBXGroup;
			children = (
				4B7842FB26BF7A1E00CDB7A4 /* AppDelegate.swift */,
				4B7842FD26BF7A1E00CDB7A4 /* SceneDelegate.swift */,
				4B78432E26BF7D9E00CDB7A4 /* testing_for_updating.swift */,
				4B7842FF26BF7A1E00CDB7A4 /* ViewController.swift */,
				4B78430126BF7A1E00CDB7A4 /* Main.storyboard */,
				4B78430426BF7A2600CDB7A4 /* Assets.xcassets */,
				4B78430626BF7A2600CDB7A4 /* LaunchScreen.storyboard */,
				4B78430926BF7A2600CDB7A4 /* Info.plist */,
			);
			path = testing_for_git_hub_pushing;
			sourceTree = "<group>";
		};
		4B78431126BF7A2600CDB7A4 /* testing_for_git_hub_pushingTests */ = {
			isa = PBXGroup;
			children = (
				4B78431226BF7A2600CDB7A4 /* testing_for_git_hub_pushingTests.swift */,
				4B78431426BF7A2600CDB7A4 /* Info.plist */,
			);
			path = testing_for_git_hub_pushingTests;
			sourceTree = "<group>";
		};
		4B78431C26BF7A2600CDB7A4 /* testing_for_git_hub_pushingUITests */ = {
			isa = PBXGroup;
			children = (
				4B78431D26BF7A2600CDB7A4 /* testing_for_git_hub_pushingUITests.swift */,
				4B78431F26BF7A2600CDB7A4 /* Info.plist */,
			);
			path = testing_for_git_hub_pushingUITests;
			sourceTree = "<group>";
		};
/* End PBXGroup section */

/* Begin PBXNativeTarget section */
		4B7842F726BF7A1D00CDB7A4 /* testing_for_git_hub_pushing */ = {
			isa = PBXNativeTarget;
			buildConfigurationList = 4B78432226BF7A2600CDB7A4 /* Build configuration list for PBXNativeTarget "testing_for_git_hub_pushing" */;
			buildPhases = (
				4B7842F426BF7A1D00CDB7A4 /* Sources */,
				4B7842F526BF7A1D00CDB7A4 /* Frameworks */,
				4B7842F626BF7A1D00CDB7A4 /* Resources */,
			);
			buildRules = (
			);
			dependencies = (
			);
			name = testing_for_git_hub_pushing;
			productName = testing_for_git_hub_pushing;
			productReference = 4B7842F826BF7A1E00CDB7A4 /* testing_for_git_hub_pushing.app */;
			productType = "com.apple.product-type.application";
		};
		4B78430D26BF7A2600CDB7A4 /* testing_for_git_hub_pushingTests */ = {
			isa = PBXNativeTarget;
			buildConfigurationList = 4B78432526BF7A2600CDB7A4 /* Build configuration list for PBXNativeTarget "testing_for_git_hub_pushingTests" */;
			buildPhases = (
				4B78430A26BF7A2600CDB7A4 /* Sources */,
				4B78430B26BF7A2600CDB7A4 /* Frameworks */,
				4B78430C26BF7A2600CDB7A4 /* Resources */,
			);
			buildRules = (
			);
			dependencies = (
				4B78431026BF7A2600CDB7A4 /* PBXTargetDependency */,
			);
			name = testing_for_git_hub_pushingTests;
			productName = testing_for_git_hub_pushingTests;
			productReference = 4B78430E26BF7A2600CDB7A4 /* testing_for_git_hub_pushingTests.xctest */;
			productType = "com.apple.product-type.bundle.unit-test";
		};
		4B78431826BF7A2600CDB7A4 /* testing_for_git_hub_pushingUITests */ = {
			isa = PBXNativeTarget;
			buildConfigurationList = 4B78432826BF7A2600CDB7A4 /* Build configuration list for PBXNativeTarget "testing_for_git_hub_pushingUITests" */;
			buildPhases = (
				4B78431526BF7A2600CDB7A4 /* Sources */,
				4B78431626BF7A2600CDB7A4 /* Frameworks */,
				4B78431726BF7A2600CDB7A4 /* Resources */,
			);
			buildRules = (
			);
			dependencies = (
				4B78431B26BF7A2600CDB7A4 /* PBXTargetDependency */,
			);
			name = testing_for_git_hub_pushingUITests;
			productName = testing_for_git_hub_pushingUITests;
			productReference = 4B78431926BF7A2600CDB7A4 /* testing_for_git_hub_pushingUITests.xctest */;
			productType = "com.apple.product-type.bundle.ui-testing";
		};
/* End PBXNativeTarget section */

/* Begin PBXProject section */
		4B7842F026BF7A1D00CDB7A4 /* Project object */ = {
			isa = PBXProject;
			attributes = {
				LastSwiftUpdateCheck = 1230;
				LastUpgradeCheck = 1230;
				TargetAttributes = {
					4B7842F726BF7A1D00CDB7A4 = {
						CreatedOnToolsVersion = 12.3;
					};
					4B78430D26BF7A2600CDB7A4 = {
						CreatedOnToolsVersion = 12.3;
						TestTargetID = 4B7842F726BF7A1D00CDB7A4;
					};
					4B78431826BF7A2600CDB7A4 = {
						CreatedOnToolsVersion = 12.3;
						TestTargetID = 4B7842F726BF7A1D00CDB7A4;
					};
				};
			};
			buildConfigurationList = 4B7842F326BF7A1D00CDB7A4 /* Build configuration list for PBXProject "testing_for_git_hub_pushing" */;
			compatibilityVersion = "Xcode 9.3";
			developmentRegion = en;
			hasScannedForEncodings = 0;
			knownRegions = (
				en,
				Base,
			);
			mainGroup = 4B7842EF26BF7A1D00CDB7A4;
			productRefGroup = 4B7842F926BF7A1E00CDB7A4 /* Products */;
			projectDirPath = "";
			projectRoot = "";
			targets = (
				4B7842F726BF7A1D00CDB7A4 /* testing_for_git_hub_pushing */,
				4B78430D26BF7A2600CDB7A4 /* testing_for_git_hub_pushingTests */,
				4B78431826BF7A2600CDB7A4 /* testing_for_git_hub_pushingUITests */,
			);
		};
/* End PBXProject section */

/* Begin PBXResourcesBuildPhase section */
		4B7842F626BF7A1D00CDB7A4 /* Resources */ = {
			isa = PBXResourcesBuildPhase;
			buildActionMask = 2147483647;
			files = (
				4B78430826BF7A2600CDB7A4 /* LaunchScreen.storyboard in Resources */,
				4B78430526BF7A2600CDB7A4 /* Assets.xcassets in Resources */,
				4B78430326BF7A1E00CDB7A4 /* Main.storyboard in Resources */,
			);
			runOnlyForDeploymentPostprocessing = 0;
		};
		4B78430C26BF7A2600CDB7A4 /* Resources */ = {
			isa = PBXResourcesBuildPhase;
			buildActionMask = 2147483647;
			files = (
			);
			runOnlyForDeploymentPostprocessing = 0;
		};
		4B78431726BF7A2600CDB7A4 /* Resources */ = {
			isa = PBXResourcesBuildPhase;
			buildActionMask = 2147483647;
			files = (
			);
			runOnlyForDeploymentPostprocessing = 0;
		};
/* End PBXResourcesBuildPhase section */

/* Begin PBXSourcesBuildPhase section */
		4B7842F426BF7A1D00CDB7A4 /* Sources */ = {
			isa = PBXSourcesBuildPhase;
			buildActionMask = 2147483647;
			files = (
				4B78432F26BF7D9E00CDB7A4 /* testing_for_updating.swift in Sources */,
				4B78430026BF7A1E00CDB7A4 /* ViewController.swift in Sources */,
				4B7842FC26BF7A1E00CDB7A4 /* AppDelegate.swift in Sources */,
				4B7842FE26BF7A1E00CDB7A4 /* SceneDelegate.swift in Sources */,
			);
			runOnlyForDeploymentPostprocessing = 0;
		};
		4B78430A26BF7A2600CDB7A4 /* Sources */ = {
			isa = PBXSourcesBuildPhase;
			buildActionMask = 2147483647;
			files = (
				4B78431326BF7A2600CDB7A4 /* testing_for_git_hub_pushingTests.swift in Sources */,
			);
			runOnlyForDeploymentPostprocessing = 0;
		};
		4B78431526BF7A2600CDB7A4 /* Sources */ = {
			isa = PBXSourcesBuildPhase;
			buildActionMask = 2147483647;
			files = (
				4B78431E26BF7A2600CDB7A4 /* testing_for_git_hub_pushingUITests.swift in Sources */,
			);
			runOnlyForDeploymentPostprocessing = 0;
		};
/* End PBXSourcesBuildPhase section */

/* Begin PBXTargetDependency section */
		4B78431026BF7A2600CDB7A4 /* PBXTargetDependency */ = {
			isa = PBXTargetDependency;
			target = 4B7842F726BF7A1D00CDB7A4 /* testing_for_git_hub_pushing */;
			targetProxy = 4B78430F26BF7A2600CDB7A4 /* PBXContainerItemProxy */;
		};
		4B78431B26BF7A2600CDB7A4 /* PBXTargetDependency */ = {
			isa = PBXTargetDependency;
			target = 4B7842F726BF7A1D00CDB7A4 /* testing_for_git_hub_pushing */;
			targetProxy = 4B78431A26BF7A2600CDB7A4 /* PBXContainerItemProxy */;
		};
/* End PBXTargetDependency section */

/* Begin PBXVariantGroup section */
		4B78430126BF7A1E00CDB7A4 /* Main.storyboard */ = {
			isa = PBXVariantGroup;
			children = (
				4B78430226BF7A1E00CDB7A4 /* Base */,
			);
			name = Main.storyboard;
			sourceTree = "<group>";
		};
		4B78430626BF7A2600CDB7A4 /* LaunchScreen.storyboard */ = {
			isa = PBXVariantGroup;
			children = (
				4B78430726BF7A2600CDB7A4 /* Base */,
			);
			name = LaunchScreen.storyboard;
			sourceTree = "<group>";
		};
/* End PBXVariantGroup section */

/* Begin XCBuildConfiguration section */
		4B78432026BF7A2600CDB7A4 /* Debug */ = {
			isa = XCBuildConfiguration;
			buildSettings = {
				ALWAYS_SEARCH_USER_PATHS = NO;
				CLANG_ANALYZER_NONNULL = YES;
				CLANG_ANALYZER_NUMBER_OBJECT_CONVERSION = YES_AGGRESSIVE;
				CLANG_CXX_LANGUAGE_STANDARD = "gnu++14";
				CLANG_CXX_LIBRARY = "libc++";
				CLANG_ENABLE_MODULES = YES;
				CLANG_ENABLE_OBJC_ARC = YES;
				CLANG_ENABLE_OBJC_WEAK = YES;
				CLANG_WARN_BLOCK_CAPTURE_AUTORELEASING = YES;
				CLANG_WARN_BOOL_CONVERSION = YES;
				CLANG_WARN_COMMA = YES;
				CLANG_WARN_CONSTANT_CONVERSION = YES;
				CLANG_WARN_DEPRECATED_OBJC_IMPLEMENTATIONS = YES;
				CLANG_WARN_DIRECT_OBJC_ISA_USAGE = YES_ERROR;
				CLANG_WARN_DOCUMENTATION_COMMENTS = YES;
				CLANG_WARN_EMPTY_BODY = YES;
				CLANG_WARN_ENUM_CONVERSION = YES;
				CLANG_WARN_INFINITE_RECURSION = YES;
				CLANG_WARN_INT_CONVERSION = YES;
				CLANG_WARN_NON_LITERAL_NULL_CONVERSION = YES;
				CLANG_WARN_OBJC_IMPLICIT_RETAIN_SELF = YES;
				CLANG_WARN_OBJC_LITERAL_CONVERSION = YES;
				CLANG_WARN_OBJC_ROOT_CLASS = YES_ERROR;
				CLANG_WARN_QUOTED_INCLUDE_IN_FRAMEWORK_HEADER = YES;
				CLANG_WARN_RANGE_LOOP_ANALYSIS = YES;
				CLANG_WARN_STRICT_PROTOTYPES = YES;
				CLANG_WARN_SUSPICIOUS_MOVE = YES;
				CLANG_WARN_UNGUARDED_AVAILABILITY = YES_AGGRESSIVE;
				CLANG_WARN_UNREACHABLE_CODE = YES;
				CLANG_WARN__DUPLICATE_METHOD_MATCH = YES;
				COPY_PHASE_STRIP = NO;
				DEBUG_INFORMATION_FORMAT = dwarf;
				ENABLE_STRICT_OBJC_MSGSEND = YES;
				ENABLE_TESTABILITY = YES;
				GCC_C_LANGUAGE_STANDARD = gnu11;
				GCC_DYNAMIC_NO_PIC = NO;
				GCC_NO_COMMON_BLOCKS = YES;
				GCC_OPTIMIZATION_LEVEL = 0;
				GCC_PREPROCESSOR_DEFINITIONS = (
					"DEBUG=1",
					"$(inherited)",
				);
				GCC_WARN_64_TO_32_BIT_CONVERSION = YES;
				GCC_WARN_ABOUT_RETURN_TYPE = YES_ERROR;
				GCC_WARN_UNDECLARED_SELECTOR = YES;
				GCC_WARN_UNINITIALIZED_AUTOS = YES_AGGRESSIVE;
				GCC_WARN_UNUSED_FUNCTION = YES;
				GCC_WARN_UNUSED_VARIABLE = YES;
				IPHONEOS_DEPLOYMENT_TARGET = 14.3;
				MTL_ENABLE_DEBUG_INFO = INCLUDE_SOURCE;
				MTL_FAST_MATH = YES;
				ONLY_ACTIVE_ARCH = YES;
				SDKROOT = iphoneos;
				SWIFT_ACTIVE_COMPILATION_CONDITIONS = DEBUG;
				SWIFT_OPTIMIZATION_LEVEL = "-Onone";
			};
			name = Debug;
		};
		4B78432126BF7A2600CDB7A4 /* Release */ = {
			isa = XCBuildConfiguration;
			buildSettings = {
				ALWAYS_SEARCH_USER_PATHS = NO;
				CLANG_ANALYZER_NONNULL = YES;
				CLANG_ANALYZER_NUMBER_OBJECT_CONVERSION = YES_AGGRESSIVE;
				CLANG_CXX_LANGUAGE_STANDARD = "gnu++14";
				CLANG_CXX_LIBRARY = "libc++";
				CLANG_ENABLE_MODULES = YES;
				CLANG_ENABLE_OBJC_ARC = YES;
				CLANG_ENABLE_OBJC_WEAK = YES;
				CLANG_WARN_BLOCK_CAPTURE_AUTORELEASING = YES;
				CLANG_WARN_BOOL_CONVERSION = YES;
				CLANG_WARN_COMMA = YES;
				CLANG_WARN_CONSTANT_CONVERSION = YES;
				CLANG_WARN_DEPRECATED_OBJC_IMPLEMENTATIONS = YES;
				CLANG_WARN_DIRECT_OBJC_ISA_USAGE = YES_ERROR;
				CLANG_WARN_DOCUMENTATION_COMMENTS = YES;
				CLANG_WARN_EMPTY_BODY = YES;
				CLANG_WARN_ENUM_CONVERSION = YES;
				CLANG_WARN_INFINITE_RECURSION = YES;
				CLANG_WARN_INT_CONVERSION = YES;
				CLANG_WARN_NON_LITERAL_NULL_CONVERSION = YES;
				CLANG_WARN_OBJC_IMPLICIT_RETAIN_SELF = YES;
				CLANG_WARN_OBJC_LITERAL_CONVERSION = YES;
				CLANG_WARN_OBJC_ROOT_CLASS = YES_ERROR;
				CLANG_WARN_QUOTED_INCLUDE_IN_FRAMEWORK_HEADER = YES;
				CLANG_WARN_RANGE_LOOP_ANALYSIS = YES;
				CLANG_WARN_STRICT_PROTOTYPES = YES;
				CLANG_WARN_SUSPICIOUS_MOVE = YES;
				CLANG_WARN_UNGUARDED_AVAILABILITY = YES_AGGRESSIVE;
				CLANG_WARN_UNREACHABLE_CODE = YES;
				CLANG_WARN__DUPLICATE_METHOD_MATCH = YES;
				COPY_PHASE_STRIP = NO;
				DEBUG_INFORMATION_FORMAT = "dwarf-with-dsym";
				ENABLE_NS_ASSERTIONS = NO;
				ENABLE_STRICT_OBJC_MSGSEND = YES;
				GCC_C_LANGUAGE_STANDARD = gnu11;
				GCC_NO_COMMON_BLOCKS = YES;
				GCC_WARN_64_TO_32_BIT_CONVERSION = YES;
				GCC_WARN_ABOUT_RETURN_TYPE = YES_ERROR;
				GCC_WARN_UNDECLARED_SELECTOR = YES;
				GCC_WARN_UNINITIALIZED_AUTOS = YES_AGGRESSIVE;
				GCC_WARN_UNUSED_FUNCTION = YES;
				GCC_WARN_UNUSED_VARIABLE = YES;
				IPHONEOS_DEPLOYMENT_TARGET = 14.3;
				MTL_ENABLE_DEBUG_INFO = NO;
				MTL_FAST_MATH = YES;
				SDKROOT = iphoneos;
				SWIFT_COMPILATION_MODE = wholemodule;
				SWIFT_OPTIMIZATION_LEVEL = "-O";
				VALIDATE_PRODUCT = YES;
			};
			name = Release;
		};
		4B78432326BF7A2600CDB7A4 /* Debug */ = {
			isa = XCBuildConfiguration;
			buildSettings = {
				ASSETCATALOG_COMPILER_APPICON_NAME = AppIcon;
				ASSETCATALOG_COMPILER_GLOBAL_ACCENT_COLOR_NAME = AccentColor;
				CODE_SIGN_STYLE = Automatic;
				DEVELOPMENT_TEAM = YJ9BWJMCS6;
				INFOPLIST_FILE = testing_for_git_hub_pushing/Info.plist;
				LD_RUNPATH_SEARCH_PATHS = (
					"$(inherited)",
					"@executable_path/Frameworks",
				);
				PRODUCT_BUNDLE_IDENTIFIER = "Fantastic.testing-for-git-hub-pushing";
				PRODUCT_NAME = "$(TARGET_NAME)";
				SWIFT_VERSION = 5.0;
				TARGETED_DEVICE_FAMILY = "1,2";
			};
			name = Debug;
		};
		4B78432426BF7A2600CDB7A4 /* Release */ = {
			isa = XCBuildConfiguration;
			buildSettings = {
				ASSETCATALOG_COMPILER_APPICON_NAME = AppIcon;
				ASSETCATALOG_COMPILER_GLOBAL_ACCENT_COLOR_NAME = AccentColor;
				CODE_SIGN_STYLE = Automatic;
				DEVELOPMENT_TEAM = YJ9BWJMCS6;
				INFOPLIST_FILE = testing_for_git_hub_pushing/Info.plist;
				LD_RUNPATH_SEARCH_PATHS = (
					"$(inherited)",
					"@executable_path/Frameworks",
				);
				PRODUCT_BUNDLE_IDENTIFIER = "Fantastic.testing-for-git-hub-pushing";
				PRODUCT_NAME = "$(TARGET_NAME)";
				SWIFT_VERSION = 5.0;
				TARGETED_DEVICE_FAMILY = "1,2";
			};
			name = Release;
		};
		4B78432626BF7A2600CDB7A4 /* Debug */ = {
			isa = XCBuildConfiguration;
			buildSettings = {
				ALWAYS_EMBED_SWIFT_STANDARD_LIBRARIES = YES;
				BUNDLE_LOADER = "$(TEST_HOST)";
				CODE_SIGN_STYLE = Automatic;
				DEVELOPMENT_TEAM = YJ9BWJMCS6;
				INFOPLIST_FILE = testing_for_git_hub_pushingTests/Info.plist;
				IPHONEOS_DEPLOYMENT_TARGET = 14.3;
				LD_RUNPATH_SEARCH_PATHS = (
					"$(inherited)",
					"@executable_path/Frameworks",
					"@loader_path/Frameworks",
				);
				PRODUCT_BUNDLE_IDENTIFIER = "Fantastic.testing-for-git-hub-pushingTests";
				PRODUCT_NAME = "$(TARGET_NAME)";
				SWIFT_VERSION = 5.0;
				TARGETED_DEVICE_FAMILY = "1,2";
				TEST_HOST = "$(BUILT_PRODUCTS_DIR)/testing_for_git_hub_pushing.app/testing_for_git_hub_pushing";
			};
			name = Debug;
		};
		4B78432726BF7A2600CDB7A4 /* Release */ = {
			isa = XCBuildConfiguration;
			buildSettings = {
				ALWAYS_EMBED_SWIFT_STANDARD_LIBRARIES = YES;
				BUNDLE_LOADER = "$(TEST_HOST)";
				CODE_SIGN_STYLE = Automatic;
				DEVELOPMENT_TEAM = YJ9BWJMCS6;
				INFOPLIST_FILE = testing_for_git_hub_pushingTests/Info.plist;
				IPHONEOS_DEPLOYMENT_TARGET = 14.3;
				LD_RUNPATH_SEARCH_PATHS = (
					"$(inherited)",
					"@executable_path/Frameworks",
					"@loader_path/Frameworks",
				);
				PRODUCT_BUNDLE_IDENTIFIER = "Fantastic.testing-for-git-hub-pushingTests";
				PRODUCT_NAME = "$(TARGET_NAME)";
				SWIFT_VERSION = 5.0;
				TARGETED_DEVICE_FAMILY = "1,2";
				TEST_HOST = "$(BUILT_PRODUCTS_DIR)/testing_for_git_hub_pushing.app/testing_for_git_hub_pushing";
			};
			name = Release;
		};
		4B78432926BF7A2600CDB7A4 /* Debug */ = {
			isa = XCBuildConfiguration;
			buildSettings = {
				ALWAYS_EMBED_SWIFT_STANDARD_LIBRARIES = YES;
				CODE_SIGN_STYLE = Automatic;
				DEVELOPMENT_TEAM = YJ9BWJMCS6;
				INFOPLIST_FILE = testing_for_git_hub_pushingUITests/Info.plist;
				LD_RUNPATH_SEARCH_PATHS = (
					"$(inherited)",
					"@executable_path/Frameworks",
					"@loader_path/Frameworks",
				);
				PRODUCT_BUNDLE_IDENTIFIER = "Fantastic.testing-for-git-hub-pushingUITests";
				PRODUCT_NAME = "$(TARGET_NAME)";
				SWIFT_VERSION = 5.0;
				TARGETED_DEVICE_FAMILY = "1,2";
				TEST_TARGET_NAME = testing_for_git_hub_pushing;
			};
			name = Debug;
		};
		4B78432A26BF7A2600CDB7A4 /* Release */ = {
			isa = XCBuildConfiguration;
			buildSettings = {
				ALWAYS_EMBED_SWIFT_STANDARD_LIBRARIES = YES;
				CODE_SIGN_STYLE = Automatic;
				DEVELOPMENT_TEAM = YJ9BWJMCS6;
				INFOPLIST_FILE = testing_for_git_hub_pushingUITests/Info.plist;
				LD_RUNPATH_SEARCH_PATHS = (
					"$(inherited)",
					"@executable_path/Frameworks",
					"@loader_path/Frameworks",
				);
				PRODUCT_BUNDLE_IDENTIFIER = "Fantastic.testing-for-git-hub-pushingUITests";
				PRODUCT_NAME = "$(TARGET_NAME)";
				SWIFT_VERSION = 5.0;
				TARGETED_DEVICE_FAMILY = "1,2";
				TEST_TARGET_NAME = testing_for_git_hub_pushing;
			};
			name = Release;
		};
/* End XCBuildConfiguration section */

/* Begin XCConfigurationList section */
		4B7842F326BF7A1D00CDB7A4 /* Build configuration list for PBXProject "testing_for_git_hub_pushing" */ = {
			isa = XCConfigurationList;
			buildConfigurations = (
				4B78432026BF7A2600CDB7A4 /* Debug */,
				4B78432126BF7A2600CDB7A4 /* Release */,
			);
			defaultConfigurationIsVisible = 0;
			defaultConfigurationName = Release;
		};
		4B78432226BF7A2600CDB7A4 /* Build configuration list for PBXNativeTarget "testing_for_git_hub_pushing" */ = {
			isa = XCConfigurationList;
			buildConfigurations = (
				4B78432326BF7A2600CDB7A4 /* Debug */,
				4B78432426BF7A2600CDB7A4 /* Release */,
			);
			defaultConfigurationIsVisible = 0;
			defaultConfigurationName = Release;
		};
		4B78432526BF7A2600CDB7A4 /* Build configuration list for PBXNativeTarget "testing_for_git_hub_pushingTests" */ = {
			isa = XCConfigurationList;
			buildConfigurations = (
				4B78432626BF7A2600CDB7A4 /* Debug */,
				4B78432726BF7A2600CDB7A4 /* Release */,
			);
			defaultConfigurationIsVisible = 0;
			defaultConfigurationName = Release;
		};
		4B78432826BF7A2600CDB7A4 /* Build configuration list for PBXNativeTarget "testing_for_git_hub_pushingUITests" */ = {
			isa = XCConfigurationList;
			buildConfigurations = (
				4B78432926BF7A2600CDB7A4 /* Debug */,
				4B78432A26BF7A2600CDB7A4 /* Release */,
			);
			defaultConfigurationIsVisible = 0;
			defaultConfigurationName = Release;
		};
/* End XCConfigurationList section */
	};
	rootObject = 4B7842F026BF7A1D00CDB7A4 /* Project object */;
}
